
Microsoft Visual Studio Solution File, Format Version 12.00
# Visual Studio 15
VisualStudioVersion = 15.0.26430.14
MinimumVisualStudioVersion = 10.0.40219.1
Project("{FAE04EC0-301F-11D3-BF4B-00C04F79EFBC}") = "XamarinTweetForList", "XamarinTweetForList\XamarinTweetForList\XamarinTweetForList.csproj", "{81E6F3F2-71B4-484B-914B-5F3613FBFE37}"
EndProject
Project("{FAE04EC0-301F-11D3-BF4B-00C04F79EFBC}") = "XamarinTweetForList.Droid", "XamarinTweetForList\XamarinTweetForList.Droid\XamarinTweetForList.Droid.csproj", "{91DFC0BF-5843-4255-B3BC-B16C22B150B2}"
EndProject
Project("{FAE04EC0-301F-11D3-BF4B-00C04F79EFBC}") = "XamarinTweetForList.iOS", "XamarinTweetForList\XamarinTweetForList.iOS\XamarinTweetForList.iOS.csproj", "{038C3FB6-7408-4CCC-99E9-E10C696A0B90}"
EndProject
Global
	GlobalSection(SolutionConfigurationPlatforms) = preSolution
		Ad-Hoc|Any CPU = Ad-Hoc|Any CPU
		Ad-Hoc|iPhone = Ad-Hoc|iPhone
		Ad-Hoc|iPhoneSimulator = Ad-Hoc|iPhoneSimulator
		AppStore|Any CPU = AppStore|Any CPU
		AppStore|iPhone = AppStore|iPhone
		AppStore|iPhoneSimulator = AppStore|iPhoneSimulator
		Debug|Any CPU = Debug|Any CPU
		Debug|iPhone = Debug|iPhone
		Debug|iPhoneSimulator = Debug|iPhoneSimulator
		Release|Any CPU = Release|Any CPU
		Release|iPhone = Release|iPhone
		Release|iPhoneSimulator = Release|iPhoneSimulator
	EndGlobalSection
	GlobalSection(ProjectConfigurationPlatforms) = postSolution
		{81E6F3F2-71B4-484B-914B-5F3613FBFE37}.Ad-Hoc|Any CPU.ActiveCfg = Release|Any CPU
		{81E6F3F2-71B4-484B-914B-5F3613FBFE37}.Ad-Hoc|Any CPU.Build.0 = Release|Any CPU
		{81E6F3F2-71B4-484B-914B-5F3613FBFE37}.Ad-Hoc|iPhone.ActiveCfg = Release|Any CPU
		{81E6F3F2-71B4-484B-914B-5F3613FBFE37}.Ad-Hoc|iPhone.Build.0 = Release|Any CPU
		{81E6F3F2-71B4-484B-914B-5F3613FBFE37}.Ad-Hoc|iPhoneSimulator.ActiveCfg = Release|Any CPU
		{81E6F3F2-71B4-484B-914B-5F3613FBFE37}.Ad-Hoc|iPhoneSimulator.Build.0 = Release|Any CPU
		{81E6F3F2-71B4-484B-914B-5F3613FBFE37}.AppStore|Any CPU.ActiveCfg = Release|Any CPU
		{81E6F3F2-71B4-484B-914B-5F3613FBFE37}.AppStore|Any CPU.Build.0 = Release|Any CPU
		{81E6F3F2-71B4-484B-914B-5F3613FBFE37}.AppStore|iPhone.ActiveCfg = Release|Any CPU
		{81E6F3F2-71B4-484B-914B-5F3613FBFE37}.AppStore|iPhone.Build.0 = Release|Any CPU
		{81E6F3F2-71B4-484B-914B-5F3613FBFE37}.AppStore|iPhoneSimulator.ActiveCfg = Release|Any CPU
		{81E6F3F2-71B4-484B-914B-5F3613FBFE37}.AppStore|iPhoneSimulator.Build.0 = Release|Any CPU
		{81E6F3F2-71B4-484B-914B-5F3613FBFE37}.Debug|Any CPU.ActiveCfg = Debug|Any CPU
		{81E6F3F2-71B4-484B-914B-5F3613FBFE37}.Debug|Any CPU.Build.0 = Debug|Any CPU
		{81E6F3F2-71B4-484B-914B-5F3613FBFE37}.Debug|iPhone.ActiveCfg = Debug|Any CPU
		{81E6F3F2-71B4-484B-914B-5F3613FBFE37}.Debug|iPhone.Build.0 = Debug|Any CPU
		{81E6F3F2-71B4-484B-914B-5F3613FBFE37}.Debug|iPhoneSimulator.ActiveCfg = Debug|Any CPU
		{81E6F3F2-71B4-484B-914B-5F3613FBFE37}.Debug|iPhoneSimulator.Build.0 = Debug|Any CPU
		{81E6F3F2-71B4-484B-914B-5F3613FBFE37}.Release|Any CPU.ActiveCfg = Release|Any CPU
		{81E6F3F2-71B4-484B-914B-5F3613FBFE37}.Release|Any CPU.Build.0 = Release|Any CPU
		{81E6F3F2-71B4-484B-914B-5F3613FBFE37}.Release|iPhone.ActiveCfg = Release|Any CPU
		{81E6F3F2-71B4-484B-914B-5F3613FBFE37}.Release|iPhone.Build.0 = Release|Any CPU
		{81E6F3F2-71B4-484B-914B-5F3613FBFE37}.Release|iPhoneSimulator.ActiveCfg = Release|Any CPU
		{81E6F3F2-71B4-484B-914B-5F3613FBFE37}.Release|iPhoneSimulator.Build.0 = Release|Any CPU
		{91DFC0BF-5843-4255-B3BC-B16C22B150B2}.Ad-Hoc|Any CPU.ActiveCfg = Release|Any CPU
		{91DFC0BF-5843-4255-B3BC-B16C22B150B2}.Ad-Hoc|Any CPU.Build.0 = Release|Any CPU
		{91DFC0BF-5843-4255-B3BC-B16C22B150B2}.Ad-Hoc|Any CPU.Deploy.0 = Release|Any CPU
		{91DFC0BF-5843-4255-B3BC-B16C22B150B2}.Ad-Hoc|iPhone.ActiveCfg = Release|Any CPU
		{91DFC0BF-5843-4255-B3BC-B16C22B150B2}.Ad-Hoc|iPhone.Build.0 = Release|Any CPU
		{91DFC0BF-5843-4255-B3BC-B16C22B150B2}.Ad-Hoc|iPhone.Deploy.0 = Release|Any CPU
		{91DFC0BF-5843-4255-B3BC-B16C22B150B2}.Ad-Hoc|iPhoneSimulator.ActiveCfg = Release|Any CPU
		{91DFC0BF-5843-4255-B3BC-B16C22B150B2}.Ad-Hoc|iPhoneSimulator.Build.0 = Release|Any CPU
		{91DFC0BF-5843-4255-B3BC-B16C22B150B2}.Ad-Hoc|iPhoneSimulator.Deploy.0 = Release|Any CPU
		{91DFC0BF-5843-4255-B3BC-B16C22B150B2}.AppStore|Any CPU.ActiveCfg = Release|Any CPU
		{91DFC0BF-5843-4255-B3BC-B16C22B150B2}.AppStore|Any CPU.Build.0 = Release|Any CPU
		{91DFC0BF-5843-4255-B3BC-B16C22B150B2}.AppStore|Any CPU.Deploy.0 = Release|Any CPU
		{91DFC0BF-5843-4255-B3BC-B16C22B150B2}.AppStore|iPhone.ActiveCfg = Release|Any CPU
		{91DFC0BF-5843-4255-B3BC-B16C22B150B2}.AppStore|iPhone.Build.0 = Release|Any CPU
		{91DFC0BF-5843-4255-B3BC-B16C22B150B2}.AppStore|iPhone.Deploy.0 = Release|Any CPU
		{91DFC0BF-5843-4255-B3BC-B16C22B150B2}.AppStore|iPhoneSimulator.ActiveCfg = Release|Any CPU
		{91DFC0BF-5843-4255-B3BC-B16C22B150B2}.AppStore|iPhoneSimulator.Build.0 = Release|Any CPU
		{91DFC0BF-5843-4255-B3BC-B16C22B150B2}.AppStore|iPhoneSimulator.Deploy.0 = Release|Any CPU
		{91DFC0BF-5843-4255-B3BC-B16C22B150B2}.Debug|Any CPU.ActiveCfg = Debug|Any CPU
		{91DFC0BF-5843-4255-B3BC-B16C22B150B2}.Debug|Any CPU.Build.0 = Debug|Any CPU
		{91DFC0BF-5843-4255-B3BC-B16C22B150B2}.Debug|Any CPU.Deploy.0 = Debug|Any CPU
		{91DFC0BF-5843-4255-B3BC-B16C22B150B2}.Debug|iPhone.ActiveCfg = Debug|Any CPU
		{91DFC0BF-5843-4255-B3BC-B16C22B150B2}.Debug|iPhone.Build.0 = Debug|Any CPU
		{91DFC0BF-5843-4255-B3BC-B16C22B150B2}.Debug|iPhone.Deploy.0 = Debug|Any CPU
		{91DFC0BF-5843-4255-B3BC-B16C22B150B2}.Debug|iPhoneSimulator.ActiveCfg = Debug|Any CPU
		{91DFC0BF-5843-4255-B3BC-B16C22B150B2}.Debug|iPhoneSimulator.Build.0 = Debug|Any CPU
		{91DFC0BF-5843-4255-B3BC-B16C22B150B2}.Debug|iPhoneSimulator.Deploy.0 = Debug|Any CPU
		{91DFC0BF-5843-4255-B3BC-B16C22B150B2}.Release|Any CPU.ActiveCfg = Release|Any CPU
		{91DFC0BF-5843-4255-B3BC-B16C22B150B2}.Release|Any CPU.Build.0 = Release|Any CPU
		{91DFC0BF-5843-4255-B3BC-B16C22B150B2}.Release|Any CPU.Deploy.0 = Release|Any CPU
		{91DFC0BF-5843-4255-B3BC-B16C22B150B2}.Release|iPhone.ActiveCfg = Release|Any CPU
		{91DFC0BF-5843-4255-B3BC-B16C22B150B2}.Release|iPhone.Build.0 = Release|Any CPU
		{91DFC0BF-5843-4255-B3BC-B16C22B150B2}.Release|iPhone.Deploy.0 = Release|Any CPU
		{91DFC0BF-5843-4255-B3BC-B16C22B150B2}.Release|iPhoneSimulator.ActiveCfg = Release|Any CPU
		{91DFC0BF-5843-4255-B3BC-B16C22B150B2}.Release|iPhoneSimulator.Build.0 = Release|Any CPU
		{91DFC0BF-5843-4255-B3BC-B16C22B150B2}.Release|iPhoneSimulator.Deploy.0 = Release|Any CPU
		{038C3FB6-7408-4CCC-99E9-E10C696A0B90}.Ad-Hoc|Any CPU.ActiveCfg = Ad-Hoc|iPhone
		{038C3FB6-7408-4CCC-99E9-E10C696A0B90}.Ad-Hoc|iPhone.ActiveCfg = Ad-Hoc|iPhone
		{038C3FB6-7408-4CCC-99E9-E10C696A0B90}.Ad-Hoc|iPhone.Build.0 = Ad-Hoc|iPhone
		{038C3FB6-7408-4CCC-99E9-E10C696A0B90}.Ad-Hoc|iPhoneSimulator.ActiveCfg = Ad-Hoc|iPhoneSimulator
		{038C3FB6-7408-4CCC-99E9-E10C696A0B90}.Ad-Hoc|iPhoneSimulator.Build.0 = Ad-Hoc|iPhoneSimulator
		{038C3FB6-7408-4CCC-99E9-E10C696A0B90}.AppStore|Any CPU.ActiveCfg = AppStore|iPhone
		{038C3FB6-7408-4CCC-99E9-E10C696A0B90}.AppStore|iPhone.ActiveCfg = AppStore|iPhone
		{038C3FB6-7408-4CCC-99E9-E10C696A0B90}.AppStore|iPhone.Build.0 = AppStore|iPhone
		{038C3FB6-7408-4CCC-99E9-E10C696A0B90}.AppStore|iPhoneSimulator.ActiveCfg = AppStore|iPhoneSimulator
		{038C3FB6-7408-4CCC-99E9-E10C696A0B90}.AppStore|iPhoneSimulator.Build.0 = AppStore|iPhoneSimulator
		{038C3FB6-7408-4CCC-99E9-E10C696A0B90}.Debug|Any CPU.ActiveCfg = Debug|iPhone
		{038C3FB6-7408-4CCC-99E9-E10C696A0B90}.Debug|iPhone.ActiveCfg = Debug|iPhone
		{038C3FB6-7408-4CCC-99E9-E10C696A0B90}.Debug|iPhone.Build.0 = Debug|iPhone
		{038C3FB6-7408-4CCC-99E9-E10C696A0B90}.Debug|iPhoneSimulator.ActiveCfg = Debug|iPhoneSimulator
		{038C3FB6-7408-4CCC-99E9-E10C696A0B90}.Debug|iPhoneSimulator.Build.0 = Debug|iPhoneSimulator
		{038C3FB6-7408-4CCC-99E9-E10C696A0B90}.Release|Any CPU.ActiveCfg = Release|iPhone
		{038C3FB6-7408-4CCC-99E9-E10C696A0B90}.Release|iPhone.ActiveCfg = Release|iPhone
		{038C3FB6-7408-4CCC-99E9-E10C696A0B90}.Release|iPhone.Build.0 = Release|iPhone
		{038C3FB6-7408-4CCC-99E9-E10C696A0B90}.Release|iPhoneSimulator.ActiveCfg = Release|iPhoneSimulator
		{038C3FB6-7408-4CCC-99E9-E10C696A0B90}.Release|iPhoneSimulator.Build.0 = Release|iPhoneSimulator
	EndGlobalSection
	GlobalSection(SolutionProperties) = preSolution
		HideSolutionNode = FALSE
	EndGlobalSection
EndGlobal
